
Microsoft Visual Studio Solution File, Format Version 12.00
# Visual Studio Version 17
VisualStudioVersion = 17.7.34024.191
MinimumVisualStudioVersion = 10.0.40219.1
Project("{FAE04EC0-301F-11D3-BF4B-00C04F79EFBC}") = "20200305043", "20200305043\20200305043.csproj", "{229F45B0-533E-4A86-88E0-659E1C4D6F18}"
EndProject
Global
	GlobalSection(SolutionConfigurationPlatforms) = preSolution
		Debug|Any CPU = Debug|Any CPU
		Release|Any CPU = Release|Any CPU
	EndGlobalSection
	GlobalSection(ProjectConfigurationPlatforms) = postSolution
		{229F45B0-533E-4A86-88E0-659E1C4D6F18}.Debug|Any CPU.ActiveCfg = Debug|Any CPU
		{229F45B0-533E-4A86-88E0-659E1C4D6F18}.Debug|Any CPU.Build.0 = Debug|Any CPU
		{229F45B0-533E-4A86-88E0-659E1C4D6F18}.Release|Any CPU.ActiveCfg = Release|Any CPU
		{229F45B0-533E-4A86-88E0-659E1C4D6F18}.Release|Any CPU.Build.0 = Release|Any CPU
	EndGlobalSection
	GlobalSection(SolutionProperties) = preSolution
		HideSolutionNode = FALSE
	EndGlobalSection
	GlobalSection(ExtensibilityGlobals) = postSolution
		SolutionGuid = {AF5543C8-DC3D-4017-B3F3-CB4E61C0FB33}
	EndGlobalSection
EndGlobal
